
Microsoft Visual Studio Solution File, Format Version 12.00
# Visual Studio Version 16
VisualStudioVersion = 16.0.31019.35
MinimumVisualStudioVersion = 10.0.40219.1
Project("{FAE04EC0-301F-11D3-BF4B-00C04F79EFBC}") = "ConsoleApp4", "ConsoleApp4.csproj", "{C1766B4B-FF40-44DA-A68C-233FC4CE8289}"
EndProject
Global
	GlobalSection(SolutionConfigurationPlatforms) = preSolution
		Debug|Any CPU = Debug|Any CPU
		Release|Any CPU = Release|Any CPU
	EndGlobalSection
	GlobalSection(ProjectConfigurationPlatforms) = postSolution
		{C1766B4B-FF40-44DA-A68C-233FC4CE8289}.Debug|Any CPU.ActiveCfg = Debug|Any CPU
		{C1766B4B-FF40-44DA-A68C-233FC4CE8289}.Debug|Any CPU.Build.0 = Debug|Any CPU
		{C1766B4B-FF40-44DA-A68C-233FC4CE8289}.Release|Any CPU.ActiveCfg = Release|Any CPU
		{C1766B4B-FF40-44DA-A68C-233FC4CE8289}.Release|Any CPU.Build.0 = Release|Any CPU
	EndGlobalSection
	GlobalSection(SolutionProperties) = preSolution
		HideSolutionNode = FALSE
	EndGlobalSection
	GlobalSection(ExtensibilityGlobals) = postSolution
		SolutionGuid = {F24E2C49-D0E3-453D-B7AB-E83B0E21364F}
	EndGlobalSection
EndGlobal
